
Microsoft Visual Studio Solution File, Format Version 12.00
# Visual Studio Version 17
VisualStudioVersion = 17.1.32319.34
MinimumVisualStudioVersion = 10.0.40219.1
Project("{FAE04EC0-301F-11D3-BF4B-00C04F79EFBC}") = "SchoolBus", "SchoolBus\SchoolBus.csproj", "{AE38B1D5-8736-4AB3-83E8-F8563F9CAEA5}"
EndProject
Global
	GlobalSection(SolutionConfigurationPlatforms) = preSolution
		Debug|Any CPU = Debug|Any CPU
		Release|Any CPU = Release|Any CPU
	EndGlobalSection
	GlobalSection(ProjectConfigurationPlatforms) = postSolution
		{AE38B1D5-8736-4AB3-83E8-F8563F9CAEA5}.Debug|Any CPU.ActiveCfg = Debug|Any CPU
		{AE38B1D5-8736-4AB3-83E8-F8563F9CAEA5}.Debug|Any CPU.Build.0 = Debug|Any CPU
		{AE38B1D5-8736-4AB3-83E8-F8563F9CAEA5}.Release|Any CPU.ActiveCfg = Release|Any CPU
		{AE38B1D5-8736-4AB3-83E8-F8563F9CAEA5}.Release|Any CPU.Build.0 = Release|Any CPU
	EndGlobalSection
	GlobalSection(SolutionProperties) = preSolution
		HideSolutionNode = FALSE
	EndGlobalSection
	GlobalSection(ExtensibilityGlobals) = postSolution
		SolutionGuid = {EC88FE05-79EF-4E05-9D99-5A6D6CA398D9}
	EndGlobalSection
EndGlobal
